
Microsoft Visual Studio Solution File, Format Version 12.00
# Visual Studio 14
VisualStudioVersion = 14.0.25123.0
MinimumVisualStudioVersion = 10.0.40219.1
Project("{2150E333-8FDC-42A3-9474-1A3956D46DE8}") = "src", "src", "{7331B767-B485-4FC3-9CE9-3FE15624EDDC}"
EndProject
Project("{2150E333-8FDC-42A3-9474-1A3956D46DE8}") = "Solution Items", "Solution Items", "{374FCB1D-1AE8-4F54-93AE-D922D03EF9F6}"
	ProjectSection(SolutionItems) = preProject
		global.json = global.json
	EndProjectSection
EndProject
Project("{FAE04EC0-301F-11D3-BF4B-00C04F79EFBC}") = "UnitTestProject1", "UnitTestProject1\UnitTestProject1.csproj", "{7C8B0A27-3256-4611-B053-44E0A4BF9790}"
EndProject
Project("{8BB2217D-0F2D-49D1-97BC-3654ED321F3B}") = "SimpleEvent", "src\SimpleEvent\SimpleEvent.xproj", "{4DD9A92F-369B-44F2-97C8-5F880ED9EF78}"
EndProject
Project("{8BB2217D-0F2D-49D1-97BC-3654ED321F3B}") = "ConsoleApp1", "src\ConsoleApp1\ConsoleApp1.xproj", "{7D8A9FC6-D74D-4E91-B518-C6DF9DBF3239}"
EndProject
Global
	GlobalSection(SolutionConfigurationPlatforms) = preSolution
		Debug|Any CPU = Debug|Any CPU
		Release|Any CPU = Release|Any CPU
	EndGlobalSection
	GlobalSection(ProjectConfigurationPlatforms) = postSolution
		{7C8B0A27-3256-4611-B053-44E0A4BF9790}.Debug|Any CPU.ActiveCfg = Debug|Any CPU
		{7C8B0A27-3256-4611-B053-44E0A4BF9790}.Debug|Any CPU.Build.0 = Debug|Any CPU
		{7C8B0A27-3256-4611-B053-44E0A4BF9790}.Release|Any CPU.ActiveCfg = Release|Any CPU
		{7C8B0A27-3256-4611-B053-44E0A4BF9790}.Release|Any CPU.Build.0 = Release|Any CPU
		{4DD9A92F-369B-44F2-97C8-5F880ED9EF78}.Debug|Any CPU.ActiveCfg = Debug|Any CPU
		{4DD9A92F-369B-44F2-97C8-5F880ED9EF78}.Debug|Any CPU.Build.0 = Debug|Any CPU
		{4DD9A92F-369B-44F2-97C8-5F880ED9EF78}.Release|Any CPU.ActiveCfg = Release|Any CPU
		{4DD9A92F-369B-44F2-97C8-5F880ED9EF78}.Release|Any CPU.Build.0 = Release|Any CPU
		{7D8A9FC6-D74D-4E91-B518-C6DF9DBF3239}.Debug|Any CPU.ActiveCfg = Debug|Any CPU
		{7D8A9FC6-D74D-4E91-B518-C6DF9DBF3239}.Debug|Any CPU.Build.0 = Debug|Any CPU
		{7D8A9FC6-D74D-4E91-B518-C6DF9DBF3239}.Release|Any CPU.ActiveCfg = Release|Any CPU
		{7D8A9FC6-D74D-4E91-B518-C6DF9DBF3239}.Release|Any CPU.Build.0 = Release|Any CPU
	EndGlobalSection
	GlobalSection(SolutionProperties) = preSolution
		HideSolutionNode = FALSE
	EndGlobalSection
	GlobalSection(NestedProjects) = preSolution
		{4DD9A92F-369B-44F2-97C8-5F880ED9EF78} = {7331B767-B485-4FC3-9CE9-3FE15624EDDC}
		{7D8A9FC6-D74D-4E91-B518-C6DF9DBF3239} = {7331B767-B485-4FC3-9CE9-3FE15624EDDC}
	EndGlobalSection
EndGlobal
